// !$*UTF8*$!
{
	archiveVersion = 1;
	classes = {
	};
	objectVersion = 56;
	objects = {

/* Begin PBXBuildFile section */
		32031CAA2B21E59800F7AE47 /* MadGrannyApp.swift in Sources */ = {isa = PBXBuildFile; fileRef = 32031CA92B21E59800F7AE47 /* MadGrannyApp.swift */; };
		32031CAC2B21E59800F7AE47 /* ContentView.swift in Sources */ = {isa = PBXBuildFile; fileRef = 32031CAB2B21E59800F7AE47 /* ContentView.swift */; };
		32031CAE2B21E59B00F7AE47 /* Assets.xcassets in Resources */ = {isa = PBXBuildFile; fileRef = 32031CAD2B21E59B00F7AE47 /* Assets.xcassets */; };
		32031CB12B21E59B00F7AE47 /* Preview Assets.xcassets in Resources */ = {isa = PBXBuildFile; fileRef = 32031CB02B21E59B00F7AE47 /* Preview Assets.xcassets */; };
		325BDD6D2B2207770098149D /* MenuView.swift in Sources */ = {isa = PBXBuildFile; fileRef = 325BDD6C2B2207770098149D /* MenuView.swift */; };
		325BDD702B2207F40098149D /* GameView.swift in Sources */ = {isa = PBXBuildFile; fileRef = 325BDD6F2B2207F40098149D /* GameView.swift */; };
		325BDD722B22081E0098149D /* GameScene.swift in Sources */ = {isa = PBXBuildFile; fileRef = 325BDD712B22081E0098149D /* GameScene.swift */; };
		325BDD742B2208320098149D /* GameLogic.swift in Sources */ = {isa = PBXBuildFile; fileRef = 325BDD732B2208320098149D /* GameLogic.swift */; };
		325BDD7A2B2209890098149D /* GameResultsView.swift in Sources */ = {isa = PBXBuildFile; fileRef = 325BDD792B2209890098149D /* GameResultsView.swift */; };
		325BDD7D2B229C000098149D /* GameState.swift in Sources */ = {isa = PBXBuildFile; fileRef = 325BDD7C2B229C000098149D /* GameState.swift */; };
		3C3F13F62B23492300AD3D62 /* AnalogJoystick.swift in Sources */ = {isa = PBXBuildFile; fileRef = 3C3F13F52B23492300AD3D62 /* AnalogJoystick.swift */; };
		9B033BEF2B238D2D008BC0E6 /* GameTimerView.swift in Sources */ = {isa = PBXBuildFile; fileRef = 9B033BEE2B238D2D008BC0E6 /* GameTimerView.swift */; };
		9B033BF12B239E58008BC0E6 /* GamePointsView.swift in Sources */ = {isa = PBXBuildFile; fileRef = 9B033BF02B239E58008BC0E6 /* GamePointsView.swift */; };
/* End PBXBuildFile section */

/* Begin PBXFileReference section */
		32031CA62B21E59800F7AE47 /* MadGranny.app */ = {isa = PBXFileReference; explicitFileType = wrapper.application; includeInIndex = 0; path = MadGranny.app; sourceTree = BUILT_PRODUCTS_DIR; };
		32031CA92B21E59800F7AE47 /* MadGrannyApp.swift */ = {isa = PBXFileReference; lastKnownFileType = sourcecode.swift; path = MadGrannyApp.swift; sourceTree = "<group>"; };
		32031CAB2B21E59800F7AE47 /* ContentView.swift */ = {isa = PBXFileReference; lastKnownFileType = sourcecode.swift; path = ContentView.swift; sourceTree = "<group>"; };
		32031CAD2B21E59B00F7AE47 /* Assets.xcassets */ = {isa = PBXFileReference; lastKnownFileType = folder.assetcatalog; path = Assets.xcassets; sourceTree = "<group>"; };
		32031CB02B21E59B00F7AE47 /* Preview Assets.xcassets */ = {isa = PBXFileReference; lastKnownFileType = folder.assetcatalog; path = "Preview Assets.xcassets"; sourceTree = "<group>"; };
		325BDD6C2B2207770098149D /* MenuView.swift */ = {isa = PBXFileReference; lastKnownFileType = sourcecode.swift; path = MenuView.swift; sourceTree = "<group>"; };
		325BDD6F2B2207F40098149D /* GameView.swift */ = {isa = PBXFileReference; lastKnownFileType = sourcecode.swift; path = GameView.swift; sourceTree = "<group>"; };
		325BDD712B22081E0098149D /* GameScene.swift */ = {isa = PBXFileReference; lastKnownFileType = sourcecode.swift; path = GameScene.swift; sourceTree = "<group>"; };
		325BDD732B2208320098149D /* GameLogic.swift */ = {isa = PBXFileReference; lastKnownFileType = sourcecode.swift; path = GameLogic.swift; sourceTree = "<group>"; };
		325BDD792B2209890098149D /* GameResultsView.swift */ = {isa = PBXFileReference; lastKnownFileType = sourcecode.swift; path = GameResultsView.swift; sourceTree = "<group>"; };
		325BDD7C2B229C000098149D /* GameState.swift */ = {isa = PBXFileReference; lastKnownFileType = sourcecode.swift; path = GameState.swift; sourceTree = "<group>"; };
		3C3F13F52B23492300AD3D62 /* AnalogJoystick.swift */ = {isa = PBXFileReference; lastKnownFileType = sourcecode.swift; path = AnalogJoystick.swift; sourceTree = "<group>"; };
		9B033BEE2B238D2D008BC0E6 /* GameTimerView.swift */ = {isa = PBXFileReference; lastKnownFileType = sourcecode.swift; path = GameTimerView.swift; sourceTree = "<group>"; };
		9B033BF02B239E58008BC0E6 /* GamePointsView.swift */ = {isa = PBXFileReference; lastKnownFileType = sourcecode.swift; path = GamePointsView.swift; sourceTree = "<group>"; };
/* End PBXFileReference section */

/* Begin PBXFrameworksBuildPhase section */
		32031CA32B21E59800F7AE47 /* Frameworks */ = {
			isa = PBXFrameworksBuildPhase;
			buildActionMask = 2147483647;
			files = (
			);
			runOnlyForDeploymentPostprocessing = 0;
		};
/* End PBXFrameworksBuildPhase section */

/* Begin PBXGroup section */
		32031C9D2B21E59800F7AE47 = {
			isa = PBXGroup;
			children = (
				32031CA82B21E59800F7AE47 /* MadGranny */,
				32031CA72B21E59800F7AE47 /* Products */,
			);
			sourceTree = "<group>";
		};
		32031CA72B21E59800F7AE47 /* Products */ = {
			isa = PBXGroup;
			children = (
				32031CA62B21E59800F7AE47 /* MadGranny.app */,
			);
			name = Products;
			sourceTree = "<group>";
		};
		32031CA82B21E59800F7AE47 /* MadGranny */ = {
			isa = PBXGroup;
			children = (
				325BDD7B2B2209BB0098149D /* App */,
				325BDD6B2B2207630098149D /* Menu */,
				325BDD6E2B22078E0098149D /* Game */,
				325BDD782B2209680098149D /* Results */,
				325BDD752B2208D50098149D /* Supporting Files */,
				32031CAD2B21E59B00F7AE47 /* Assets.xcassets */,
				32031CAF2B21E59B00F7AE47 /* Preview Content */,
			);
			path = MadGranny;
			sourceTree = "<group>";
		};
		32031CAF2B21E59B00F7AE47 /* Preview Content */ = {
			isa = PBXGroup;
			children = (
				32031CB02B21E59B00F7AE47 /* Preview Assets.xcassets */,
			);
			path = "Preview Content";
			sourceTree = "<group>";
		};
		325BDD6B2B2207630098149D /* Menu */ = {
			isa = PBXGroup;
			children = (
				325BDD6C2B2207770098149D /* MenuView.swift */,
			);
			path = Menu;
			sourceTree = "<group>";
		};
		325BDD6E2B22078E0098149D /* Game */ = {
			isa = PBXGroup;
			children = (
				325BDD6F2B2207F40098149D /* GameView.swift */,
				325BDD712B22081E0098149D /* GameScene.swift */,
				325BDD732B2208320098149D /* GameLogic.swift */,
				9B033BEE2B238D2D008BC0E6 /* GameTimerView.swift */,
				9B033BF02B239E58008BC0E6 /* GamePointsView.swift */,
				3C3F13F72B23492C00AD3D62 /* Controller */,
			);
			path = Game;
			sourceTree = "<group>";
		};
		325BDD752B2208D50098149D /* Supporting Files */ = {
			isa = PBXGroup;
			children = (
				325BDD7C2B229C000098149D /* GameState.swift */,
			);
			path = "Supporting Files";
			sourceTree = "<group>";
		};
		325BDD782B2209680098149D /* Results */ = {
			isa = PBXGroup;
			children = (
				325BDD792B2209890098149D /* GameResultsView.swift */,
			);
			path = Results;
			sourceTree = "<group>";
		};
		325BDD7B2B2209BB0098149D /* App */ = {
			isa = PBXGroup;
			children = (
				32031CA92B21E59800F7AE47 /* MadGrannyApp.swift */,
				32031CAB2B21E59800F7AE47 /* ContentView.swift */,
			);
			path = App;
			sourceTree = "<group>";
		};
		3C3F13F72B23492C00AD3D62 /* Controller */ = {
			isa = PBXGroup;
			children = (
				3C3F13F52B23492300AD3D62 /* AnalogJoystick.swift */,
			);
			path = Controller;
			sourceTree = "<group>";
		};
/* End PBXGroup section */

/* Begin PBXNativeTarget section */
		32031CA52B21E59800F7AE47 /* MadGranny */ = {
			isa = PBXNativeTarget;
			buildConfigurationList = 32031CB42B21E59B00F7AE47 /* Build configuration list for PBXNativeTarget "MadGranny" */;
			buildPhases = (
				32031CA22B21E59800F7AE47 /* Sources */,
				32031CA32B21E59800F7AE47 /* Frameworks */,
				32031CA42B21E59800F7AE47 /* Resources */,
			);
			buildRules = (
			);
			dependencies = (
			);
			name = MadGranny;
			productName = MadGranny;
			productReference = 32031CA62B21E59800F7AE47 /* MadGranny.app */;
			productType = "com.apple.product-type.application";
		};
/* End PBXNativeTarget section */

/* Begin PBXProject section */
		32031C9E2B21E59800F7AE47 /* Project object */ = {
			isa = PBXProject;
			attributes = {
				BuildIndependentTargetsInParallel = 1;
				LastSwiftUpdateCheck = 1500;
				LastUpgradeCheck = 1500;
				TargetAttributes = {
					32031CA52B21E59800F7AE47 = {
						CreatedOnToolsVersion = 15.0;
					};
				};
			};
			buildConfigurationList = 32031CA12B21E59800F7AE47 /* Build configuration list for PBXProject "MadGranny" */;
			compatibilityVersion = "Xcode 14.0";
			developmentRegion = en;
			hasScannedForEncodings = 0;
			knownRegions = (
				en,
				Base,
			);
			mainGroup = 32031C9D2B21E59800F7AE47;
			productRefGroup = 32031CA72B21E59800F7AE47 /* Products */;
			projectDirPath = "";
			projectRoot = "";
			targets = (
				32031CA52B21E59800F7AE47 /* MadGranny */,
			);
		};
/* End PBXProject section */

/* Begin PBXResourcesBuildPhase section */
		32031CA42B21E59800F7AE47 /* Resources */ = {
			isa = PBXResourcesBuildPhase;
			buildActionMask = 2147483647;
			files = (
				32031CB12B21E59B00F7AE47 /* Preview Assets.xcassets in Resources */,
				32031CAE2B21E59B00F7AE47 /* Assets.xcassets in Resources */,
			);
			runOnlyForDeploymentPostprocessing = 0;
		};
/* End PBXResourcesBuildPhase section */

/* Begin PBXSourcesBuildPhase section */
		32031CA22B21E59800F7AE47 /* Sources */ = {
			isa = PBXSourcesBuildPhase;
			buildActionMask = 2147483647;
			files = (
				9B033BEF2B238D2D008BC0E6 /* GameTimerView.swift in Sources */,
				325BDD742B2208320098149D /* GameLogic.swift in Sources */,
				3C3F13F62B23492300AD3D62 /* AnalogJoystick.swift in Sources */,
				325BDD7D2B229C000098149D /* GameState.swift in Sources */,
				325BDD722B22081E0098149D /* GameScene.swift in Sources */,
				32031CAC2B21E59800F7AE47 /* ContentView.swift in Sources */,
				325BDD6D2B2207770098149D /* MenuView.swift in Sources */,
				9B033BF12B239E58008BC0E6 /* GamePointsView.swift in Sources */,
				325BDD702B2207F40098149D /* GameView.swift in Sources */,
				32031CAA2B21E59800F7AE47 /* MadGrannyApp.swift in Sources */,
				325BDD7A2B2209890098149D /* GameResultsView.swift in Sources */,
			);
			runOnlyForDeploymentPostprocessing = 0;
		};
/* End PBXSourcesBuildPhase section */

/* Begin XCBuildConfiguration section */
		32031CB22B21E59B00F7AE47 /* Debug */ = {
			isa = XCBuildConfiguration;
			buildSettings = {
				ALWAYS_SEARCH_USER_PATHS = NO;
				ASSETCATALOG_COMPILER_GENERATE_SWIFT_ASSET_SYMBOL_EXTENSIONS = YES;
				CLANG_ANALYZER_NONNULL = YES;
				CLANG_ANALYZER_NUMBER_OBJECT_CONVERSION = YES_AGGRESSIVE;
				CLANG_CXX_LANGUAGE_STANDARD = "gnu++20";
				CLANG_ENABLE_MODULES = YES;
				CLANG_ENABLE_OBJC_ARC = YES;
				CLANG_ENABLE_OBJC_WEAK = YES;
				CLANG_WARN_BLOCK_CAPTURE_AUTORELEASING = YES;
				CLANG_WARN_BOOL_CONVERSION = YES;
				CLANG_WARN_COMMA = YES;
				CLANG_WARN_CONSTANT_CONVERSION = YES;
				CLANG_WARN_DEPRECATED_OBJC_IMPLEMENTATIONS = YES;
				CLANG_WARN_DIRECT_OBJC_ISA_USAGE = YES_ERROR;
				CLANG_WARN_DOCUMENTATION_COMMENTS = YES;
				CLANG_WARN_EMPTY_BODY = YES;
				CLANG_WARN_ENUM_CONVERSION = YES;
				CLANG_WARN_INFINITE_RECURSION = YES;
				CLANG_WARN_INT_CONVERSION = YES;
				CLANG_WARN_NON_LITERAL_NULL_CONVERSION = YES;
				CLANG_WARN_OBJC_IMPLICIT_RETAIN_SELF = YES;
				CLANG_WARN_OBJC_LITERAL_CONVERSION = YES;
				CLANG_WARN_OBJC_ROOT_CLASS = YES_ERROR;
				CLANG_WARN_QUOTED_INCLUDE_IN_FRAMEWORK_HEADER = YES;
				CLANG_WARN_RANGE_LOOP_ANALYSIS = YES;
				CLANG_WARN_STRICT_PROTOTYPES = YES;
				CLANG_WARN_SUSPICIOUS_MOVE = YES;
				CLANG_WARN_UNGUARDED_AVAILABILITY = YES_AGGRESSIVE;
				CLANG_WARN_UNREACHABLE_CODE = YES;
				CLANG_WARN__DUPLICATE_METHOD_MATCH = YES;
				COPY_PHASE_STRIP = NO;
				DEBUG_INFORMATION_FORMAT = dwarf;
				ENABLE_STRICT_OBJC_MSGSEND = YES;
				ENABLE_TESTABILITY = YES;
				ENABLE_USER_SCRIPT_SANDBOXING = YES;
				GCC_C_LANGUAGE_STANDARD = gnu17;
				GCC_DYNAMIC_NO_PIC = NO;
				GCC_NO_COMMON_BLOCKS = YES;
				GCC_OPTIMIZATION_LEVEL = 0;
				GCC_PREPROCESSOR_DEFINITIONS = (
					"DEBUG=1",
					"$(inherited)",
				);
				GCC_WARN_64_TO_32_BIT_CONVERSION = YES;
				GCC_WARN_ABOUT_RETURN_TYPE = YES_ERROR;
				GCC_WARN_UNDECLARED_SELECTOR = YES;
				GCC_WARN_UNINITIALIZED_AUTOS = YES_AGGRESSIVE;
				GCC_WARN_UNUSED_FUNCTION = YES;
				GCC_WARN_UNUSED_VARIABLE = YES;
				IPHONEOS_DEPLOYMENT_TARGET = 17.0;
				LOCALIZATION_PREFERS_STRING_CATALOGS = YES;
				MTL_ENABLE_DEBUG_INFO = INCLUDE_SOURCE;
				MTL_FAST_MATH = YES;
				ONLY_ACTIVE_ARCH = YES;
				SDKROOT = iphoneos;
				SWIFT_ACTIVE_COMPILATION_CONDITIONS = "DEBUG $(inherited)";
				SWIFT_OPTIMIZATION_LEVEL = "-Onone";
			};
			name = Debug;
		};
		32031CB32B21E59B00F7AE47 /* Release */ = {
			isa = XCBuildConfiguration;
			buildSettings = {
				ALWAYS_SEARCH_USER_PATHS = NO;
				ASSETCATALOG_COMPILER_GENERATE_SWIFT_ASSET_SYMBOL_EXTENSIONS = YES;
				CLANG_ANALYZER_NONNULL = YES;
				CLANG_ANALYZER_NUMBER_OBJECT_CONVERSION = YES_AGGRESSIVE;
				CLANG_CXX_LANGUAGE_STANDARD = "gnu++20";
				CLANG_ENABLE_MODULES = YES;
				CLANG_ENABLE_OBJC_ARC = YES;
				CLANG_ENABLE_OBJC_WEAK = YES;
				CLANG_WARN_BLOCK_CAPTURE_AUTORELEASING = YES;
				CLANG_WARN_BOOL_CONVERSION = YES;
				CLANG_WARN_COMMA = YES;
				CLANG_WARN_CONSTANT_CONVERSION = YES;
				CLANG_WARN_DEPRECATED_OBJC_IMPLEMENTATIONS = YES;
				CLANG_WARN_DIRECT_OBJC_ISA_USAGE = YES_ERROR;
				CLANG_WARN_DOCUMENTATION_COMMENTS = YES;
				CLANG_WARN_EMPTY_BODY = YES;
				CLANG_WARN_ENUM_CONVERSION = YES;
				CLANG_WARN_INFINITE_RECURSION = YES;
				CLANG_WARN_INT_CONVERSION = YES;
				CLANG_WARN_NON_LITERAL_NULL_CONVERSION = YES;
				CLANG_WARN_OBJC_IMPLICIT_RETAIN_SELF = YES;
				CLANG_WARN_OBJC_LITERAL_CONVERSION = YES;
				CLANG_WARN_OBJC_ROOT_CLASS = YES_ERROR;
				CLANG_WARN_QUOTED_INCLUDE_IN_FRAMEWORK_HEADER = YES;
				CLANG_WARN_RANGE_LOOP_ANALYSIS = YES;
				CLANG_WARN_STRICT_PROTOTYPES = YES;
				CLANG_WARN_SUSPICIOUS_MOVE = YES;
				CLANG_WARN_UNGUARDED_AVAILABILITY = YES_AGGRESSIVE;
				CLANG_WARN_UNREACHABLE_CODE = YES;
				CLANG_WARN__DUPLICATE_METHOD_MATCH = YES;
				COPY_PHASE_STRIP = NO;
				DEBUG_INFORMATION_FORMAT = "dwarf-with-dsym";
				ENABLE_NS_ASSERTIONS = NO;
				ENABLE_STRICT_OBJC_MSGSEND = YES;
				ENABLE_USER_SCRIPT_SANDBOXING = YES;
				GCC_C_LANGUAGE_STANDARD = gnu17;
				GCC_NO_COMMON_BLOCKS = YES;
				GCC_WARN_64_TO_32_BIT_CONVERSION = YES;
				GCC_WARN_ABOUT_RETURN_TYPE = YES_ERROR;
				GCC_WARN_UNDECLARED_SELECTOR = YES;
				GCC_WARN_UNINITIALIZED_AUTOS = YES_AGGRESSIVE;
				GCC_WARN_UNUSED_FUNCTION = YES;
				GCC_WARN_UNUSED_VARIABLE = YES;
				IPHONEOS_DEPLOYMENT_TARGET = 17.0;
				LOCALIZATION_PREFERS_STRING_CATALOGS = YES;
				MTL_ENABLE_DEBUG_INFO = NO;
				MTL_FAST_MATH = YES;
				SDKROOT = iphoneos;
				SWIFT_COMPILATION_MODE = wholemodule;
				VALIDATE_PRODUCT = YES;
			};
			name = Release;
		};
		32031CB52B21E59B00F7AE47 /* Debug */ = {
			isa = XCBuildConfiguration;
			buildSettings = {
				ASSETCATALOG_COMPILER_APPICON_NAME = AppIcon;
				ASSETCATALOG_COMPILER_GLOBAL_ACCENT_COLOR_NAME = AccentColor;
				CODE_SIGN_STYLE = Automatic;
				CURRENT_PROJECT_VERSION = 1;
				DEVELOPMENT_ASSET_PATHS = "\"MadGranny/Preview Content\"";
				DEVELOPMENT_TEAM = "";
				ENABLE_PREVIEWS = YES;
				GENERATE_INFOPLIST_FILE = YES;
				INFOPLIST_KEY_UIApplicationSceneManifest_Generation = YES;
				INFOPLIST_KEY_UIApplicationSupportsIndirectInputEvents = YES;
				INFOPLIST_KEY_UILaunchScreen_Generation = YES;
				INFOPLIST_KEY_UISupportedInterfaceOrientations_iPad = "UIInterfaceOrientationPortrait UIInterfaceOrientationPortraitUpsideDown UIInterfaceOrientationLandscapeLeft UIInterfaceOrientationLandscapeRight";
				INFOPLIST_KEY_UISupportedInterfaceOrientations_iPhone = "UIInterfaceOrientationPortrait UIInterfaceOrientationLandscapeLeft UIInterfaceOrientationLandscapeRight";
				LD_RUNPATH_SEARCH_PATHS = (
					"$(inherited)",
					"@executable_path/Frameworks",
				);
				MARKETING_VERSION = 1.0;
				PRODUCT_BUNDLE_IDENTIFIER = com.devacademy.MadGranny;
				PRODUCT_NAME = "$(TARGET_NAME)";
				SWIFT_EMIT_LOC_STRINGS = YES;
				SWIFT_VERSION = 5.0;
				TARGETED_DEVICE_FAMILY = "1,2";
			};
			name = Debug;
		};
		32031CB62B21E59B00F7AE47 /* Release */ = {
			isa = XCBuildConfiguration;
			buildSettings = {
				ASSETCATALOG_COMPILER_APPICON_NAME = AppIcon;
				ASSETCATALOG_COMPILER_GLOBAL_ACCENT_COLOR_NAME = AccentColor;
				CODE_SIGN_STYLE = Automatic;
				CURRENT_PROJECT_VERSION = 1;
				DEVELOPMENT_ASSET_PATHS = "\"MadGranny/Preview Content\"";
				DEVELOPMENT_TEAM = "";
				ENABLE_PREVIEWS = YES;
				GENERATE_INFOPLIST_FILE = YES;
				INFOPLIST_KEY_UIApplicationSceneManifest_Generation = YES;
				INFOPLIST_KEY_UIApplicationSupportsIndirectInputEvents = YES;
				INFOPLIST_KEY_UILaunchScreen_Generation = YES;
				INFOPLIST_KEY_UISupportedInterfaceOrientations_iPad = "UIInterfaceOrientationPortrait UIInterfaceOrientationPortraitUpsideDown UIInterfaceOrientationLandscapeLeft UIInterfaceOrientationLandscapeRight";
				INFOPLIST_KEY_UISupportedInterfaceOrientations_iPhone = "UIInterfaceOrientationPortrait UIInterfaceOrientationLandscapeLeft UIInterfaceOrientationLandscapeRight";
				LD_RUNPATH_SEARCH_PATHS = (
					"$(inherited)",
					"@executable_path/Frameworks",
				);
				MARKETING_VERSION = 1.0;
				PRODUCT_BUNDLE_IDENTIFIER = com.devacademy.MadGranny;
				PRODUCT_NAME = "$(TARGET_NAME)";
				SWIFT_EMIT_LOC_STRINGS = YES;
				SWIFT_VERSION = 5.0;
				TARGETED_DEVICE_FAMILY = "1,2";
			};
			name = Release;
		};
/* End XCBuildConfiguration section */

/* Begin XCConfigurationList section */
		32031CA12B21E59800F7AE47 /* Build configuration list for PBXProject "MadGranny" */ = {
			isa = XCConfigurationList;
			buildConfigurations = (
				32031CB22B21E59B00F7AE47 /* Debug */,
				32031CB32B21E59B00F7AE47 /* Release */,
			);
			defaultConfigurationIsVisible = 0;
			defaultConfigurationName = Release;
		};
		32031CB42B21E59B00F7AE47 /* Build configuration list for PBXNativeTarget "MadGranny" */ = {
			isa = XCConfigurationList;
			buildConfigurations = (
				32031CB52B21E59B00F7AE47 /* Debug */,
				32031CB62B21E59B00F7AE47 /* Release */,
			);
			defaultConfigurationIsVisible = 0;
			defaultConfigurationName = Release;
		};
/* End XCConfigurationList section */
	};
	rootObject = 32031C9E2B21E59800F7AE47 /* Project object */;
}
